// !$*UTF8*$!
{
	archiveVersion = 1;
	classes = {
	};
	objectVersion = 51;
	objects = {

/* Begin PBXBuildFile section */
		BF1EEE4DB65D4CDF24F6F779 /* Pods_NanoChallenge1UITests.framework in Frameworks */ = {isa = PBXBuildFile; fileRef = EE82372E05E4E2C3C01C2659 /* Pods_NanoChallenge1UITests.framework */; };
		D7DB126124418D240023BA23 /* AppDelegate.swift in Sources */ = {isa = PBXBuildFile; fileRef = D7DB126024418D240023BA23 /* AppDelegate.swift */; };
		D7DB126324418D240023BA23 /* SceneDelegate.swift in Sources */ = {isa = PBXBuildFile; fileRef = D7DB126224418D240023BA23 /* SceneDelegate.swift */; };
		D7DB126524418D240023BA23 /* ViewController.swift in Sources */ = {isa = PBXBuildFile; fileRef = D7DB126424418D240023BA23 /* ViewController.swift */; };
		D7DB126B24418D240023BA23 /* NanoChallenge1.xcdatamodeld in Sources */ = {isa = PBXBuildFile; fileRef = D7DB126924418D240023BA23 /* NanoChallenge1.xcdatamodeld */; };
		D7DB126D24418D250023BA23 /* Assets.xcassets in Resources */ = {isa = PBXBuildFile; fileRef = D7DB126C24418D250023BA23 /* Assets.xcassets */; };
		D7DB127024418D250023BA23 /* LaunchScreen.storyboard in Resources */ = {isa = PBXBuildFile; fileRef = D7DB126E24418D250023BA23 /* LaunchScreen.storyboard */; };
		D7DB127B24418D250023BA23 /* NanoChallenge1Tests.swift in Sources */ = {isa = PBXBuildFile; fileRef = D7DB127A24418D250023BA23 /* NanoChallenge1Tests.swift */; };
		D7DB128624418D250023BA23 /* NanoChallenge1UITests.swift in Sources */ = {isa = PBXBuildFile; fileRef = D7DB128524418D250023BA23 /* NanoChallenge1UITests.swift */; };
		EFE3A4804549F3A2CA6788E5 /* Pods_NanoChallenge1.framework in Frameworks */ = {isa = PBXBuildFile; fileRef = AC5D434996A2F22221A3F3A0 /* Pods_NanoChallenge1.framework */; };
		FF9269215A38D461F0943322 /* Pods_NanoChallenge1Tests.framework in Frameworks */ = {isa = PBXBuildFile; fileRef = 88E3421FEBA76B1C3070504B /* Pods_NanoChallenge1Tests.framework */; };
/* End PBXBuildFile section */

/* Begin PBXContainerItemProxy section */
		D7DB127724418D250023BA23 /* PBXContainerItemProxy */ = {
			isa = PBXContainerItemProxy;
			containerPortal = D7DB125524418D240023BA23 /* Project object */;
			proxyType = 1;
			remoteGlobalIDString = D7DB125C24418D240023BA23;
			remoteInfo = NanoChallenge1;
		};
		D7DB128224418D250023BA23 /* PBXContainerItemProxy */ = {
			isa = PBXContainerItemProxy;
			containerPortal = D7DB125524418D240023BA23 /* Project object */;
			proxyType = 1;
			remoteGlobalIDString = D7DB125C24418D240023BA23;
			remoteInfo = NanoChallenge1;
		};
/* End PBXContainerItemProxy section */

/* Begin PBXFileReference section */
		15C9E696D97C972486698F22 /* Pods-NanoChallenge1UITests.release.xcconfig */ = {isa = PBXFileReference; includeInIndex = 1; lastKnownFileType = text.xcconfig; name = "Pods-NanoChallenge1UITests.release.xcconfig"; path = "Target Support Files/Pods-NanoChallenge1UITests/Pods-NanoChallenge1UITests.release.xcconfig"; sourceTree = "<group>"; };
		1819CE154C010AD9D7F30208 /* Pods-NanoChallenge1UITests.debug.xcconfig */ = {isa = PBXFileReference; includeInIndex = 1; lastKnownFileType = text.xcconfig; name = "Pods-NanoChallenge1UITests.debug.xcconfig"; path = "Target Support Files/Pods-NanoChallenge1UITests/Pods-NanoChallenge1UITests.debug.xcconfig"; sourceTree = "<group>"; };
		74B3FE802B65ADA0C97065BD /* Pods-NanoChallenge1.debug.xcconfig */ = {isa = PBXFileReference; includeInIndex = 1; lastKnownFileType = text.xcconfig; name = "Pods-NanoChallenge1.debug.xcconfig"; path = "Target Support Files/Pods-NanoChallenge1/Pods-NanoChallenge1.debug.xcconfig"; sourceTree = "<group>"; };
		762F659A6C2324ED42B5F9F1 /* Pods-NanoChallenge1-NanoChallenge1UITests.debug.xcconfig */ = {isa = PBXFileReference; includeInIndex = 1; lastKnownFileType = text.xcconfig; name = "Pods-NanoChallenge1-NanoChallenge1UITests.debug.xcconfig"; path = "Target Support Files/Pods-NanoChallenge1-NanoChallenge1UITests/Pods-NanoChallenge1-NanoChallenge1UITests.debug.xcconfig"; sourceTree = "<group>"; };
		88E3421FEBA76B1C3070504B /* Pods_NanoChallenge1Tests.framework */ = {isa = PBXFileReference; explicitFileType = wrapper.framework; includeInIndex = 0; path = Pods_NanoChallenge1Tests.framework; sourceTree = BUILT_PRODUCTS_DIR; };
		8A9F6C46296CA085D91B5945 /* Pods-NanoChallenge1-NanoChallenge1UITests.release.xcconfig */ = {isa = PBXFileReference; includeInIndex = 1; lastKnownFileType = text.xcconfig; name = "Pods-NanoChallenge1-NanoChallenge1UITests.release.xcconfig"; path = "Target Support Files/Pods-NanoChallenge1-NanoChallenge1UITests/Pods-NanoChallenge1-NanoChallenge1UITests.release.xcconfig"; sourceTree = "<group>"; };
		91F35A423D486A2DEFECEE62 /* Pods-NanoChallenge1Tests.release.xcconfig */ = {isa = PBXFileReference; includeInIndex = 1; lastKnownFileType = text.xcconfig; name = "Pods-NanoChallenge1Tests.release.xcconfig"; path = "Target Support Files/Pods-NanoChallenge1Tests/Pods-NanoChallenge1Tests.release.xcconfig"; sourceTree = "<group>"; };
		AA05DC2A1F0CA41BEB9D0773 /* Pods-NanoChallenge1-NanoChallenge1Tests.debug.xcconfig */ = {isa = PBXFileReference; includeInIndex = 1; lastKnownFileType = text.xcconfig; name = "Pods-NanoChallenge1-NanoChallenge1Tests.debug.xcconfig"; path = "Target Support Files/Pods-NanoChallenge1-NanoChallenge1Tests/Pods-NanoChallenge1-NanoChallenge1Tests.debug.xcconfig"; sourceTree = "<group>"; };
		AC5D434996A2F22221A3F3A0 /* Pods_NanoChallenge1.framework */ = {isa = PBXFileReference; explicitFileType = wrapper.framework; includeInIndex = 0; path = Pods_NanoChallenge1.framework; sourceTree = BUILT_PRODUCTS_DIR; };
		BA78B401191840A86C9C347E /* Pods-NanoChallenge1.release.xcconfig */ = {isa = PBXFileReference; includeInIndex = 1; lastKnownFileType = text.xcconfig; name = "Pods-NanoChallenge1.release.xcconfig"; path = "Target Support Files/Pods-NanoChallenge1/Pods-NanoChallenge1.release.xcconfig"; sourceTree = "<group>"; };
		BD61893C979D2F83858CFAB4 /* Pods-NanoChallenge1-NanoChallenge1Tests.release.xcconfig */ = {isa = PBXFileReference; includeInIndex = 1; lastKnownFileType = text.xcconfig; name = "Pods-NanoChallenge1-NanoChallenge1Tests.release.xcconfig"; path = "Target Support Files/Pods-NanoChallenge1-NanoChallenge1Tests/Pods-NanoChallenge1-NanoChallenge1Tests.release.xcconfig"; sourceTree = "<group>"; };
		D476BC7EE28003C115D1D514 /* Pods-NanoChallenge1Tests.debug.xcconfig */ = {isa = PBXFileReference; includeInIndex = 1; lastKnownFileType = text.xcconfig; name = "Pods-NanoChallenge1Tests.debug.xcconfig"; path = "Target Support Files/Pods-NanoChallenge1Tests/Pods-NanoChallenge1Tests.debug.xcconfig"; sourceTree = "<group>"; };
		D7DB125D24418D240023BA23 /* NanoChallenge1.app */ = {isa = PBXFileReference; explicitFileType = wrapper.application; includeInIndex = 0; path = NanoChallenge1.app; sourceTree = BUILT_PRODUCTS_DIR; };
		D7DB126024418D240023BA23 /* AppDelegate.swift */ = {isa = PBXFileReference; lastKnownFileType = sourcecode.swift; path = AppDelegate.swift; sourceTree = "<group>"; };
		D7DB126224418D240023BA23 /* SceneDelegate.swift */ = {isa = PBXFileReference; lastKnownFileType = sourcecode.swift; path = SceneDelegate.swift; sourceTree = "<group>"; };
		D7DB126424418D240023BA23 /* ViewController.swift */ = {isa = PBXFileReference; lastKnownFileType = sourcecode.swift; path = ViewController.swift; sourceTree = "<group>"; };
		D7DB126A24418D240023BA23 /* NanoChallenge1.xcdatamodel */ = {isa = PBXFileReference; lastKnownFileType = wrapper.xcdatamodel; path = NanoChallenge1.xcdatamodel; sourceTree = "<group>"; };
		D7DB126C24418D250023BA23 /* Assets.xcassets */ = {isa = PBXFileReference; lastKnownFileType = folder.assetcatalog; path = Assets.xcassets; sourceTree = "<group>"; };
		D7DB126F24418D250023BA23 /* Base */ = {isa = PBXFileReference; lastKnownFileType = file.storyboard; name = Base; path = Base.lproj/LaunchScreen.storyboard; sourceTree = "<group>"; };
		D7DB127124418D250023BA23 /* Info.plist */ = {isa = PBXFileReference; lastKnownFileType = text.plist.xml; path = Info.plist; sourceTree = "<group>"; };
		D7DB127624418D250023BA23 /* NanoChallenge1Tests.xctest */ = {isa = PBXFileReference; explicitFileType = wrapper.cfbundle; includeInIndex = 0; path = NanoChallenge1Tests.xctest; sourceTree = BUILT_PRODUCTS_DIR; };
		D7DB127A24418D250023BA23 /* NanoChallenge1Tests.swift */ = {isa = PBXFileReference; lastKnownFileType = sourcecode.swift; path = NanoChallenge1Tests.swift; sourceTree = "<group>"; };
		D7DB127C24418D250023BA23 /* Info.plist */ = {isa = PBXFileReference; lastKnownFileType = text.plist.xml; path = Info.plist; sourceTree = "<group>"; };
		D7DB128124418D250023BA23 /* NanoChallenge1UITests.xctest */ = {isa = PBXFileReference; explicitFileType = wrapper.cfbundle; includeInIndex = 0; path = NanoChallenge1UITests.xctest; sourceTree = BUILT_PRODUCTS_DIR; };
		D7DB128524418D250023BA23 /* NanoChallenge1UITests.swift */ = {isa = PBXFileReference; lastKnownFileType = sourcecode.swift; path = NanoChallenge1UITests.swift; sourceTree = "<group>"; };
		D7DB128724418D250023BA23 /* Info.plist */ = {isa = PBXFileReference; lastKnownFileType = text.plist.xml; path = Info.plist; sourceTree = "<group>"; };
		EE82372E05E4E2C3C01C2659 /* Pods_NanoChallenge1UITests.framework */ = {isa = PBXFileReference; explicitFileType = wrapper.framework; includeInIndex = 0; path = Pods_NanoChallenge1UITests.framework; sourceTree = BUILT_PRODUCTS_DIR; };
/* End PBXFileReference section */

/* Begin PBXFrameworksBuildPhase section */
		D7DB125A24418D240023BA23 /* Frameworks */ = {
			isa = PBXFrameworksBuildPhase;
			buildActionMask = 2147483647;
			files = (
				EFE3A4804549F3A2CA6788E5 /* Pods_NanoChallenge1.framework in Frameworks */,
			);
			runOnlyForDeploymentPostprocessing = 0;
		};
		D7DB127324418D250023BA23 /* Frameworks */ = {
			isa = PBXFrameworksBuildPhase;
			buildActionMask = 2147483647;
			files = (
				FF9269215A38D461F0943322 /* Pods_NanoChallenge1Tests.framework in Frameworks */,
			);
			runOnlyForDeploymentPostprocessing = 0;
		};
		D7DB127E24418D250023BA23 /* Frameworks */ = {
			isa = PBXFrameworksBuildPhase;
			buildActionMask = 2147483647;
			files = (
				BF1EEE4DB65D4CDF24F6F779 /* Pods_NanoChallenge1UITests.framework in Frameworks */,
			);
			runOnlyForDeploymentPostprocessing = 0;
		};
/* End PBXFrameworksBuildPhase section */

/* Begin PBXGroup section */
		697506485A561ED420758B1B /* Frameworks */ = {
			isa = PBXGroup;
			children = (
				AC5D434996A2F22221A3F3A0 /* Pods_NanoChallenge1.framework */,
				88E3421FEBA76B1C3070504B /* Pods_NanoChallenge1Tests.framework */,
				EE82372E05E4E2C3C01C2659 /* Pods_NanoChallenge1UITests.framework */,
			);
			name = Frameworks;
			sourceTree = "<group>";
		};
		D7DB125424418D240023BA23 = {
			isa = PBXGroup;
			children = (
				D7DB125F24418D240023BA23 /* NanoChallenge1 */,
				D7DB127924418D250023BA23 /* NanoChallenge1Tests */,
				D7DB128424418D250023BA23 /* NanoChallenge1UITests */,
				D7DB125E24418D240023BA23 /* Products */,
				F421865578F3E8DE716D7FA2 /* Pods */,
				697506485A561ED420758B1B /* Frameworks */,
			);
			sourceTree = "<group>";
		};
		D7DB125E24418D240023BA23 /* Products */ = {
			isa = PBXGroup;
			children = (
				D7DB125D24418D240023BA23 /* NanoChallenge1.app */,
				D7DB127624418D250023BA23 /* NanoChallenge1Tests.xctest */,
				D7DB128124418D250023BA23 /* NanoChallenge1UITests.xctest */,
			);
			name = Products;
			sourceTree = "<group>";
		};
		D7DB125F24418D240023BA23 /* NanoChallenge1 */ = {
			isa = PBXGroup;
			children = (
				D7DB126024418D240023BA23 /* AppDelegate.swift */,
				D7DB126224418D240023BA23 /* SceneDelegate.swift */,
				D7DB126424418D240023BA23 /* ViewController.swift */,
				D7DB126C24418D250023BA23 /* Assets.xcassets */,
				D7DB126E24418D250023BA23 /* LaunchScreen.storyboard */,
				D7DB127124418D250023BA23 /* Info.plist */,
				D7DB126924418D240023BA23 /* NanoChallenge1.xcdatamodeld */,
			);
			path = NanoChallenge1;
			sourceTree = "<group>";
		};
		D7DB127924418D250023BA23 /* NanoChallenge1Tests */ = {
			isa = PBXGroup;
			children = (
				D7DB127A24418D250023BA23 /* NanoChallenge1Tests.swift */,
				D7DB127C24418D250023BA23 /* Info.plist */,
			);
			path = NanoChallenge1Tests;
			sourceTree = "<group>";
		};
		D7DB128424418D250023BA23 /* NanoChallenge1UITests */ = {
			isa = PBXGroup;
			children = (
				D7DB128524418D250023BA23 /* NanoChallenge1UITests.swift */,
				D7DB128724418D250023BA23 /* Info.plist */,
			);
			path = NanoChallenge1UITests;
			sourceTree = "<group>";
		};
		F421865578F3E8DE716D7FA2 /* Pods */ = {
			isa = PBXGroup;
			children = (
				74B3FE802B65ADA0C97065BD /* Pods-NanoChallenge1.debug.xcconfig */,
				BA78B401191840A86C9C347E /* Pods-NanoChallenge1.release.xcconfig */,
				762F659A6C2324ED42B5F9F1 /* Pods-NanoChallenge1-NanoChallenge1UITests.debug.xcconfig */,
				8A9F6C46296CA085D91B5945 /* Pods-NanoChallenge1-NanoChallenge1UITests.release.xcconfig */,
				D476BC7EE28003C115D1D514 /* Pods-NanoChallenge1Tests.debug.xcconfig */,
				91F35A423D486A2DEFECEE62 /* Pods-NanoChallenge1Tests.release.xcconfig */,
				AA05DC2A1F0CA41BEB9D0773 /* Pods-NanoChallenge1-NanoChallenge1Tests.debug.xcconfig */,
				BD61893C979D2F83858CFAB4 /* Pods-NanoChallenge1-NanoChallenge1Tests.release.xcconfig */,
				1819CE154C010AD9D7F30208 /* Pods-NanoChallenge1UITests.debug.xcconfig */,
				15C9E696D97C972486698F22 /* Pods-NanoChallenge1UITests.release.xcconfig */,
			);
			path = Pods;
			sourceTree = "<group>";
		};
/* End PBXGroup section */

/* Begin PBXNativeTarget section */
		D7DB125C24418D240023BA23 /* NanoChallenge1 */ = {
			isa = PBXNativeTarget;
			buildConfigurationList = D7DB128A24418D250023BA23 /* Build configuration list for PBXNativeTarget "NanoChallenge1" */;
			buildPhases = (
				0E4DF2F11C533EE1FBE5E932 /* [CP] Check Pods Manifest.lock */,
				D7DB125924418D240023BA23 /* Sources */,
				D7DB125A24418D240023BA23 /* Frameworks */,
				D7DB125B24418D240023BA23 /* Resources */,
				87CFE8E4BDAF18DE7F9F1621 /* [CP] Embed Pods Frameworks */,
			);
			buildRules = (
			);
			dependencies = (
			);
			name = NanoChallenge1;
			productName = NanoChallenge1;
			productReference = D7DB125D24418D240023BA23 /* NanoChallenge1.app */;
			productType = "com.apple.product-type.application";
		};
		D7DB127524418D250023BA23 /* NanoChallenge1Tests */ = {
			isa = PBXNativeTarget;
			buildConfigurationList = D7DB128D24418D250023BA23 /* Build configuration list for PBXNativeTarget "NanoChallenge1Tests" */;
			buildPhases = (
				094D4591E1BEDFB428373E61 /* [CP] Check Pods Manifest.lock */,
				D7DB127224418D250023BA23 /* Sources */,
				D7DB127324418D250023BA23 /* Frameworks */,
				D7DB127424418D250023BA23 /* Resources */,
			);
			buildRules = (
			);
			dependencies = (
				D7DB127824418D250023BA23 /* PBXTargetDependency */,
			);
			name = NanoChallenge1Tests;
			productName = NanoChallenge1Tests;
			productReference = D7DB127624418D250023BA23 /* NanoChallenge1Tests.xctest */;
			productType = "com.apple.product-type.bundle.unit-test";
		};
		D7DB128024418D250023BA23 /* NanoChallenge1UITests */ = {
			isa = PBXNativeTarget;
			buildConfigurationList = D7DB129024418D250023BA23 /* Build configuration list for PBXNativeTarget "NanoChallenge1UITests" */;
			buildPhases = (
				B82FE7E963DF3F3D98EB9570 /* [CP] Check Pods Manifest.lock */,
				D7DB127D24418D250023BA23 /* Sources */,
				D7DB127E24418D250023BA23 /* Frameworks */,
				D7DB127F24418D250023BA23 /* Resources */,
			);
			buildRules = (
			);
			dependencies = (
				D7DB128324418D250023BA23 /* PBXTargetDependency */,
			);
			name = NanoChallenge1UITests;
			productName = NanoChallenge1UITests;
			productReference = D7DB128124418D250023BA23 /* NanoChallenge1UITests.xctest */;
			productType = "com.apple.product-type.bundle.ui-testing";
		};
/* End PBXNativeTarget section */

/* Begin PBXProject section */
		D7DB125524418D240023BA23 /* Project object */ = {
			isa = PBXProject;
			attributes = {
				LastSwiftUpdateCheck = 1140;
				LastUpgradeCheck = 1140;
				ORGANIZATIONNAME = "Aji Saputra Raka Siwi";
				TargetAttributes = {
					D7DB125C24418D240023BA23 = {
						CreatedOnToolsVersion = 11.4;
					};
					D7DB127524418D250023BA23 = {
						CreatedOnToolsVersion = 11.4;
						TestTargetID = D7DB125C24418D240023BA23;
					};
					D7DB128024418D250023BA23 = {
						CreatedOnToolsVersion = 11.4;
						TestTargetID = D7DB125C24418D240023BA23;
					};
				};
			};
			buildConfigurationList = D7DB125824418D240023BA23 /* Build configuration list for PBXProject "NanoChallenge1" */;
			compatibilityVersion = "Xcode 9.3";
			developmentRegion = en;
			hasScannedForEncodings = 0;
			knownRegions = (
				en,
				Base,
			);
			mainGroup = D7DB125424418D240023BA23;
			productRefGroup = D7DB125E24418D240023BA23 /* Products */;
			projectDirPath = "";
			projectRoot = "";
			targets = (
				D7DB125C24418D240023BA23 /* NanoChallenge1 */,
				D7DB127524418D250023BA23 /* NanoChallenge1Tests */,
				D7DB128024418D250023BA23 /* NanoChallenge1UITests */,
			);
		};
/* End PBXProject section */

/* Begin PBXResourcesBuildPhase section */
		D7DB125B24418D240023BA23 /* Resources */ = {
			isa = PBXResourcesBuildPhase;
			buildActionMask = 2147483647;
			files = (
				D7DB127024418D250023BA23 /* LaunchScreen.storyboard in Resources */,
				D7DB126D24418D250023BA23 /* Assets.xcassets in Resources */,
			);
			runOnlyForDeploymentPostprocessing = 0;
		};
		D7DB127424418D250023BA23 /* Resources */ = {
			isa = PBXResourcesBuildPhase;
			buildActionMask = 2147483647;
			files = (
			);
			runOnlyForDeploymentPostprocessing = 0;
		};
		D7DB127F24418D250023BA23 /* Resources */ = {
			isa = PBXResourcesBuildPhase;
			buildActionMask = 2147483647;
			files = (
			);
			runOnlyForDeploymentPostprocessing = 0;
		};
/* End PBXResourcesBuildPhase section */

/* Begin PBXShellScriptBuildPhase section */
		094D4591E1BEDFB428373E61 /* [CP] Check Pods Manifest.lock */ = {
			isa = PBXShellScriptBuildPhase;
			buildActionMask = 2147483647;
			files = (
			);
			inputFileListPaths = (
			);
			inputPaths = (
				"${PODS_PODFILE_DIR_PATH}/Podfile.lock",
				"${PODS_ROOT}/Manifest.lock",
			);
			name = "[CP] Check Pods Manifest.lock";
			outputFileListPaths = (
			);
			outputPaths = (
				"$(DERIVED_FILE_DIR)/Pods-NanoChallenge1Tests-checkManifestLockResult.txt",
			);
			runOnlyForDeploymentPostprocessing = 0;
			shellPath = /bin/sh;
			shellScript = "diff \"${PODS_PODFILE_DIR_PATH}/Podfile.lock\" \"${PODS_ROOT}/Manifest.lock\" > /dev/null\nif [ $? != 0 ] ; then\n    # print error to STDERR\n    echo \"error: The sandbox is not in sync with the Podfile.lock. Run 'pod install' or update your CocoaPods installation.\" >&2\n    exit 1\nfi\n# This output is used by Xcode 'outputs' to avoid re-running this script phase.\necho \"SUCCESS\" > \"${SCRIPT_OUTPUT_FILE_0}\"\n";
			showEnvVarsInLog = 0;
		};
		0E4DF2F11C533EE1FBE5E932 /* [CP] Check Pods Manifest.lock */ = {
			isa = PBXShellScriptBuildPhase;
			buildActionMask = 2147483647;
			files = (
			);
			inputFileListPaths = (
			);
			inputPaths = (
				"${PODS_PODFILE_DIR_PATH}/Podfile.lock",
				"${PODS_ROOT}/Manifest.lock",
			);
			name = "[CP] Check Pods Manifest.lock";
			outputFileListPaths = (
			);
			outputPaths = (
				"$(DERIVED_FILE_DIR)/Pods-NanoChallenge1-checkManifestLockResult.txt",
			);
			runOnlyForDeploymentPostprocessing = 0;
			shellPath = /bin/sh;
			shellScript = "diff \"${PODS_PODFILE_DIR_PATH}/Podfile.lock\" \"${PODS_ROOT}/Manifest.lock\" > /dev/null\nif [ $? != 0 ] ; then\n    # print error to STDERR\n    echo \"error: The sandbox is not in sync with the Podfile.lock. Run 'pod install' or update your CocoaPods installation.\" >&2\n    exit 1\nfi\n# This output is used by Xcode 'outputs' to avoid re-running this script phase.\necho \"SUCCESS\" > \"${SCRIPT_OUTPUT_FILE_0}\"\n";
			showEnvVarsInLog = 0;
		};
		87CFE8E4BDAF18DE7F9F1621 /* [CP] Embed Pods Frameworks */ = {
			isa = PBXShellScriptBuildPhase;
			buildActionMask = 2147483647;
			files = (
			);
			inputFileListPaths = (
				"${PODS_ROOT}/Target Support Files/Pods-NanoChallenge1/Pods-NanoChallenge1-frameworks-${CONFIGURATION}-input-files.xcfilelist",
			);
			name = "[CP] Embed Pods Frameworks";
			outputFileListPaths = (
				"${PODS_ROOT}/Target Support Files/Pods-NanoChallenge1/Pods-NanoChallenge1-frameworks-${CONFIGURATION}-output-files.xcfilelist",
			);
			runOnlyForDeploymentPostprocessing = 0;
			shellPath = /bin/sh;
			shellScript = "\"${PODS_ROOT}/Target Support Files/Pods-NanoChallenge1/Pods-NanoChallenge1-frameworks.sh\"\n";
			showEnvVarsInLog = 0;
		};
		B82FE7E963DF3F3D98EB9570 /* [CP] Check Pods Manifest.lock */ = {
			isa = PBXShellScriptBuildPhase;
			buildActionMask = 2147483647;
			files = (
			);
			inputFileListPaths = (
			);
			inputPaths = (
				"${PODS_PODFILE_DIR_PATH}/Podfile.lock",
				"${PODS_ROOT}/Manifest.lock",
			);
			name = "[CP] Check Pods Manifest.lock";
			outputFileListPaths = (
			);
			outputPaths = (
				"$(DERIVED_FILE_DIR)/Pods-NanoChallenge1UITests-checkManifestLockResult.txt",
			);
			runOnlyForDeploymentPostprocessing = 0;
			shellPath = /bin/sh;
			shellScript = "diff \"${PODS_PODFILE_DIR_PATH}/Podfile.lock\" \"${PODS_ROOT}/Manifest.lock\" > /dev/null\nif [ $? != 0 ] ; then\n    # print error to STDERR\n    echo \"error: The sandbox is not in sync with the Podfile.lock. Run 'pod install' or update your CocoaPods installation.\" >&2\n    exit 1\nfi\n# This output is used by Xcode 'outputs' to avoid re-running this script phase.\necho \"SUCCESS\" > \"${SCRIPT_OUTPUT_FILE_0}\"\n";
			showEnvVarsInLog = 0;
		};
/* End PBXShellScriptBuildPhase section */

/* Begin PBXSourcesBuildPhase section */
		D7DB125924418D240023BA23 /* Sources */ = {
			isa = PBXSourcesBuildPhase;
			buildActionMask = 2147483647;
			files = (
				D7DB126524418D240023BA23 /* ViewController.swift in Sources */,
				D7DB126124418D240023BA23 /* AppDelegate.swift in Sources */,
				D7DB126324418D240023BA23 /* SceneDelegate.swift in Sources */,
				D7DB126B24418D240023BA23 /* NanoChallenge1.xcdatamodeld in Sources */,
			);
			runOnlyForDeploymentPostprocessing = 0;
		};
		D7DB127224418D250023BA23 /* Sources */ = {
			isa = PBXSourcesBuildPhase;
			buildActionMask = 2147483647;
			files = (
				D7DB127B24418D250023BA23 /* NanoChallenge1Tests.swift in Sources */,
			);
			runOnlyForDeploymentPostprocessing = 0;
		};
		D7DB127D24418D250023BA23 /* Sources */ = {
			isa = PBXSourcesBuildPhase;
			buildActionMask = 2147483647;
			files = (
				D7DB128624418D250023BA23 /* NanoChallenge1UITests.swift in Sources */,
			);
			runOnlyForDeploymentPostprocessing = 0;
		};
/* End PBXSourcesBuildPhase section */

/* Begin PBXTargetDependency section */
		D7DB127824418D250023BA23 /* PBXTargetDependency */ = {
			isa = PBXTargetDependency;
			target = D7DB125C24418D240023BA23 /* NanoChallenge1 */;
			targetProxy = D7DB127724418D250023BA23 /* PBXContainerItemProxy */;
		};
		D7DB128324418D250023BA23 /* PBXTargetDependency */ = {
			isa = PBXTargetDependency;
			target = D7DB125C24418D240023BA23 /* NanoChallenge1 */;
			targetProxy = D7DB128224418D250023BA23 /* PBXContainerItemProxy */;
		};
/* End PBXTargetDependency section */

/* Begin PBXVariantGroup section */
		D7DB126E24418D250023BA23 /* LaunchScreen.storyboard */ = {
			isa = PBXVariantGroup;
			children = (
				D7DB126F24418D250023BA23 /* Base */,
			);
			name = LaunchScreen.storyboard;
			sourceTree = "<group>";
		};
/* End PBXVariantGroup section */

/* Begin XCBuildConfiguration section */
		D7DB128824418D250023BA23 /* Debug */ = {
			isa = XCBuildConfiguration;
			buildSettings = {
				ALWAYS_SEARCH_USER_PATHS = NO;
				CLANG_ANALYZER_NONNULL = YES;
				CLANG_ANALYZER_NUMBER_OBJECT_CONVERSION = YES_AGGRESSIVE;
				CLANG_CXX_LANGUAGE_STANDARD = "gnu++14";
				CLANG_CXX_LIBRARY = "libc++";
				CLANG_ENABLE_MODULES = YES;
				CLANG_ENABLE_OBJC_ARC = YES;
				CLANG_ENABLE_OBJC_WEAK = YES;
				CLANG_WARN_BLOCK_CAPTURE_AUTORELEASING = YES;
				CLANG_WARN_BOOL_CONVERSION = YES;
				CLANG_WARN_COMMA = YES;
				CLANG_WARN_CONSTANT_CONVERSION = YES;
				CLANG_WARN_DEPRECATED_OBJC_IMPLEMENTATIONS = YES;
				CLANG_WARN_DIRECT_OBJC_ISA_USAGE = YES_ERROR;
				CLANG_WARN_DOCUMENTATION_COMMENTS = YES;
				CLANG_WARN_EMPTY_BODY = YES;
				CLANG_WARN_ENUM_CONVERSION = YES;
				CLANG_WARN_INFINITE_RECURSION = YES;
				CLANG_WARN_INT_CONVERSION = YES;
				CLANG_WARN_NON_LITERAL_NULL_CONVERSION = YES;
				CLANG_WARN_OBJC_IMPLICIT_RETAIN_SELF = YES;
				CLANG_WARN_OBJC_LITERAL_CONVERSION = YES;
				CLANG_WARN_OBJC_ROOT_CLASS = YES_ERROR;
				CLANG_WARN_RANGE_LOOP_ANALYSIS = YES;
				CLANG_WARN_STRICT_PROTOTYPES = YES;
				CLANG_WARN_SUSPICIOUS_MOVE = YES;
				CLANG_WARN_UNGUARDED_AVAILABILITY = YES_AGGRESSIVE;
				CLANG_WARN_UNREACHABLE_CODE = YES;
				CLANG_WARN__DUPLICATE_METHOD_MATCH = YES;
				COPY_PHASE_STRIP = NO;
				DEBUG_INFORMATION_FORMAT = dwarf;
				ENABLE_STRICT_OBJC_MSGSEND = YES;
				ENABLE_TESTABILITY = YES;
				GCC_C_LANGUAGE_STANDARD = gnu11;
				GCC_DYNAMIC_NO_PIC = NO;
				GCC_NO_COMMON_BLOCKS = YES;
				GCC_OPTIMIZATION_LEVEL = 0;
				GCC_PREPROCESSOR_DEFINITIONS = (
					"DEBUG=1",
					"$(inherited)",
				);
				GCC_WARN_64_TO_32_BIT_CONVERSION = YES;
				GCC_WARN_ABOUT_RETURN_TYPE = YES_ERROR;
				GCC_WARN_UNDECLARED_SELECTOR = YES;
				GCC_WARN_UNINITIALIZED_AUTOS = YES_AGGRESSIVE;
				GCC_WARN_UNUSED_FUNCTION = YES;
				GCC_WARN_UNUSED_VARIABLE = YES;
				IPHONEOS_DEPLOYMENT_TARGET = 13.4;
				MTL_ENABLE_DEBUG_INFO = INCLUDE_SOURCE;
				MTL_FAST_MATH = YES;
				ONLY_ACTIVE_ARCH = YES;
				SDKROOT = iphoneos;
				SWIFT_ACTIVE_COMPILATION_CONDITIONS = DEBUG;
				SWIFT_OPTIMIZATION_LEVEL = "-Onone";
			};
			name = Debug;
		};
		D7DB128924418D250023BA23 /* Release */ = {
			isa = XCBuildConfiguration;
			buildSettings = {
				ALWAYS_SEARCH_USER_PATHS = NO;
				CLANG_ANALYZER_NONNULL = YES;
				CLANG_ANALYZER_NUMBER_OBJECT_CONVERSION = YES_AGGRESSIVE;
				CLANG_CXX_LANGUAGE_STANDARD = "gnu++14";
				CLANG_CXX_LIBRARY = "libc++";
				CLANG_ENABLE_MODULES = YES;
				CLANG_ENABLE_OBJC_ARC = YES;
				CLANG_ENABLE_OBJC_WEAK = YES;
				CLANG_WARN_BLOCK_CAPTURE_AUTORELEASING = YES;
				CLANG_WARN_BOOL_CONVERSION = YES;
				CLANG_WARN_COMMA = YES;
				CLANG_WARN_CONSTANT_CONVERSION = YES;
				CLANG_WARN_DEPRECATED_OBJC_IMPLEMENTATIONS = YES;
				CLANG_WARN_DIRECT_OBJC_ISA_USAGE = YES_ERROR;
				CLANG_WARN_DOCUMENTATION_COMMENTS = YES;
				CLANG_WARN_EMPTY_BODY = YES;
				CLANG_WARN_ENUM_CONVERSION = YES;
				CLANG_WARN_INFINITE_RECURSION = YES;
				CLANG_WARN_INT_CONVERSION = YES;
				CLANG_WARN_NON_LITERAL_NULL_CONVERSION = YES;
				CLANG_WARN_OBJC_IMPLICIT_RETAIN_SELF = YES;
				CLANG_WARN_OBJC_LITERAL_CONVERSION = YES;
				CLANG_WARN_OBJC_ROOT_CLASS = YES_ERROR;
				CLANG_WARN_RANGE_LOOP_ANALYSIS = YES;
				CLANG_WARN_STRICT_PROTOTYPES = YES;
				CLANG_WARN_SUSPICIOUS_MOVE = YES;
				CLANG_WARN_UNGUARDED_AVAILABILITY = YES_AGGRESSIVE;
				CLANG_WARN_UNREACHABLE_CODE = YES;
				CLANG_WARN__DUPLICATE_METHOD_MATCH = YES;
				COPY_PHASE_STRIP = NO;
				DEBUG_INFORMATION_FORMAT = "dwarf-with-dsym";
				ENABLE_NS_ASSERTIONS = NO;
				ENABLE_STRICT_OBJC_MSGSEND = YES;
				GCC_C_LANGUAGE_STANDARD = gnu11;
				GCC_NO_COMMON_BLOCKS = YES;
				GCC_WARN_64_TO_32_BIT_CONVERSION = YES;
				GCC_WARN_ABOUT_RETURN_TYPE = YES_ERROR;
				GCC_WARN_UNDECLARED_SELECTOR = YES;
				GCC_WARN_UNINITIALIZED_AUTOS = YES_AGGRESSIVE;
				GCC_WARN_UNUSED_FUNCTION = YES;
				GCC_WARN_UNUSED_VARIABLE = YES;
				IPHONEOS_DEPLOYMENT_TARGET = 13.4;
				MTL_ENABLE_DEBUG_INFO = NO;
				MTL_FAST_MATH = YES;
				SDKROOT = iphoneos;
				SWIFT_COMPILATION_MODE = wholemodule;
				SWIFT_OPTIMIZATION_LEVEL = "-O";
				VALIDATE_PRODUCT = YES;
			};
			name = Release;
		};
		D7DB128B24418D250023BA23 /* Debug */ = {
			isa = XCBuildConfiguration;
			baseConfigurationReference = 74B3FE802B65ADA0C97065BD /* Pods-NanoChallenge1.debug.xcconfig */;
			buildSettings = {
				ASSETCATALOG_COMPILER_APPICON_NAME = AppIcon;
				CODE_SIGN_STYLE = Automatic;
				DEVELOPMENT_TEAM = 9Y224ZS8GH;
				INFOPLIST_FILE = NanoChallenge1/Info.plist;
				LD_RUNPATH_SEARCH_PATHS = (
					"$(inherited)",
					"@executable_path/Frameworks",
				);
				PRODUCT_BUNDLE_IDENTIFIER = com.ajisaputrars.NanoChallenge1;
				PRODUCT_NAME = "$(TARGET_NAME)";
				SWIFT_VERSION = 5.0;
				TARGETED_DEVICE_FAMILY = "1,2";
			};
			name = Debug;
		};
		D7DB128C24418D250023BA23 /* Release */ = {
			isa = XCBuildConfiguration;
			baseConfigurationReference = BA78B401191840A86C9C347E /* Pods-NanoChallenge1.release.xcconfig */;
			buildSettings = {
				ASSETCATALOG_COMPILER_APPICON_NAME = AppIcon;
				CODE_SIGN_STYLE = Automatic;
				DEVELOPMENT_TEAM = 9Y224ZS8GH;
				INFOPLIST_FILE = NanoChallenge1/Info.plist;
				LD_RUNPATH_SEARCH_PATHS = (
					"$(inherited)",
					"@executable_path/Frameworks",
				);
				PRODUCT_BUNDLE_IDENTIFIER = com.ajisaputrars.NanoChallenge1;
				PRODUCT_NAME = "$(TARGET_NAME)";
				SWIFT_VERSION = 5.0;
				TARGETED_DEVICE_FAMILY = "1,2";
			};
			name = Release;
		};
		D7DB128E24418D250023BA23 /* Debug */ = {
			isa = XCBuildConfiguration;
			baseConfigurationReference = D476BC7EE28003C115D1D514 /* Pods-NanoChallenge1Tests.debug.xcconfig */;
			buildSettings = {
				ALWAYS_EMBED_SWIFT_STANDARD_LIBRARIES = YES;
				BUNDLE_LOADER = "$(TEST_HOST)";
				CODE_SIGN_STYLE = Automatic;
				DEVELOPMENT_TEAM = 9Y224ZS8GH;
				INFOPLIST_FILE = NanoChallenge1Tests/Info.plist;
				IPHONEOS_DEPLOYMENT_TARGET = 13.4;
				LD_RUNPATH_SEARCH_PATHS = (
					"$(inherited)",
					"@executable_path/Frameworks",
					"@loader_path/Frameworks",
				);
				PRODUCT_BUNDLE_IDENTIFIER = com.ajisaputrars.NanoChallenge1Tests;
				PRODUCT_NAME = "$(TARGET_NAME)";
				SWIFT_VERSION = 5.0;
				TARGETED_DEVICE_FAMILY = "1,2";
				TEST_HOST = "$(BUILT_PRODUCTS_DIR)/NanoChallenge1.app/NanoChallenge1";
			};
			name = Debug;
		};
		D7DB128F24418D250023BA23 /* Release */ = {
			isa = XCBuildConfiguration;
			baseConfigurationReference = 91F35A423D486A2DEFECEE62 /* Pods-NanoChallenge1Tests.release.xcconfig */;
			buildSettings = {
				ALWAYS_EMBED_SWIFT_STANDARD_LIBRARIES = YES;
				BUNDLE_LOADER = "$(TEST_HOST)";
				CODE_SIGN_STYLE = Automatic;
				DEVELOPMENT_TEAM = 9Y224ZS8GH;
				INFOPLIST_FILE = NanoChallenge1Tests/Info.plist;
				IPHONEOS_DEPLOYMENT_TARGET = 13.4;
				LD_RUNPATH_SEARCH_PATHS = (
					"$(inherited)",
					"@executable_path/Frameworks",
					"@loader_path/Frameworks",
				);
				PRODUCT_BUNDLE_IDENTIFIER = com.ajisaputrars.NanoChallenge1Tests;
				PRODUCT_NAME = "$(TARGET_NAME)";
				SWIFT_VERSION = 5.0;
				TARGETED_DEVICE_FAMILY = "1,2";
				TEST_HOST = "$(BUILT_PRODUCTS_DIR)/NanoChallenge1.app/NanoChallenge1";
			};
			name = Release;
		};
		D7DB129124418D250023BA23 /* Debug */ = {
			isa = XCBuildConfiguration;
			baseConfigurationReference = 1819CE154C010AD9D7F30208 /* Pods-NanoChallenge1UITests.debug.xcconfig */;
			buildSettings = {
				ALWAYS_EMBED_SWIFT_STANDARD_LIBRARIES = YES;
				CODE_SIGN_STYLE = Automatic;
				DEVELOPMENT_TEAM = 9Y224ZS8GH;
				INFOPLIST_FILE = NanoChallenge1UITests/Info.plist;
				LD_RUNPATH_SEARCH_PATHS = (
					"$(inherited)",
					"@executable_path/Frameworks",
					"@loader_path/Frameworks",
				);
				PRODUCT_BUNDLE_IDENTIFIER = com.ajisaputrars.NanoChallenge1UITests;
				PRODUCT_NAME = "$(TARGET_NAME)";
				SWIFT_VERSION = 5.0;
				TARGETED_DEVICE_FAMILY = "1,2";
				TEST_TARGET_NAME = NanoChallenge1;
			};
			name = Debug;
		};
		D7DB129224418D250023BA23 /* Release */ = {
			isa = XCBuildConfiguration;
			baseConfigurationReference = 15C9E696D97C972486698F22 /* Pods-NanoChallenge1UITests.release.xcconfig */;
			buildSettings = {
				ALWAYS_EMBED_SWIFT_STANDARD_LIBRARIES = YES;
				CODE_SIGN_STYLE = Automatic;
				DEVELOPMENT_TEAM = 9Y224ZS8GH;
				INFOPLIST_FILE = NanoChallenge1UITests/Info.plist;
				LD_RUNPATH_SEARCH_PATHS = (
					"$(inherited)",
					"@executable_path/Frameworks",
					"@loader_path/Frameworks",
				);
				PRODUCT_BUNDLE_IDENTIFIER = com.ajisaputrars.NanoChallenge1UITests;
				PRODUCT_NAME = "$(TARGET_NAME)";
				SWIFT_VERSION = 5.0;
				TARGETED_DEVICE_FAMILY = "1,2";
				TEST_TARGET_NAME = NanoChallenge1;
			};
			name = Release;
		};
/* End XCBuildConfiguration section */

/* Begin XCConfigurationList section */
		D7DB125824418D240023BA23 /* Build configuration list for PBXProject "NanoChallenge1" */ = {
			isa = XCConfigurationList;
			buildConfigurations = (
				D7DB128824418D250023BA23 /* Debug */,
				D7DB128924418D250023BA23 /* Release */,
			);
			defaultConfigurationIsVisible = 0;
			defaultConfigurationName = Release;
		};
		D7DB128A24418D250023BA23 /* Build configuration list for PBXNativeTarget "NanoChallenge1" */ = {
			isa = XCConfigurationList;
			buildConfigurations = (
				D7DB128B24418D250023BA23 /* Debug */,
				D7DB128C24418D250023BA23 /* Release */,
			);
			defaultConfigurationIsVisible = 0;
			defaultConfigurationName = Release;
		};
		D7DB128D24418D250023BA23 /* Build configuration list for PBXNativeTarget "NanoChallenge1Tests" */ = {
			isa = XCConfigurationList;
			buildConfigurations = (
				D7DB128E24418D250023BA23 /* Debug */,
				D7DB128F24418D250023BA23 /* Release */,
			);
			defaultConfigurationIsVisible = 0;
			defaultConfigurationName = Release;
		};
		D7DB129024418D250023BA23 /* Build configuration list for PBXNativeTarget "NanoChallenge1UITests" */ = {
			isa = XCConfigurationList;
			buildConfigurations = (
				D7DB129124418D250023BA23 /* Debug */,
				D7DB129224418D250023BA23 /* Release */,
			);
			defaultConfigurationIsVisible = 0;
			defaultConfigurationName = Release;
		};
/* End XCConfigurationList section */

/* Begin XCVersionGroup section */
		D7DB126924418D240023BA23 /* NanoChallenge1.xcdatamodeld */ = {
			isa = XCVersionGroup;
			children = (
				D7DB126A24418D240023BA23 /* NanoChallenge1.xcdatamodel */,
			);
			currentVersion = D7DB126A24418D240023BA23 /* NanoChallenge1.xcdatamodel */;
			path = NanoChallenge1.xcdatamodeld;
			sourceTree = "<group>";
			versionGroupType = wrapper.xcdatamodel;
		};
/* End XCVersionGroup section */
	};
	rootObject = D7DB125524418D240023BA23 /* Project object */;
}
